
Microsoft Visual Studio Solution File, Format Version 12.00
# Visual Studio Version 17
VisualStudioVersion = 17.9.34622.214
MinimumVisualStudioVersion = 10.0.40219.1
Project("{FAE04EC0-301F-11D3-BF4B-00C04F79EFBC}") = "lab6", "lab6\lab6.csproj", "{5FA4D7B9-1100-4759-91E3-FF73CE8AED6F}"
EndProject
Global
	GlobalSection(SolutionConfigurationPlatforms) = preSolution
		Debug|Any CPU = Debug|Any CPU
		Release|Any CPU = Release|Any CPU
	EndGlobalSection
	GlobalSection(ProjectConfigurationPlatforms) = postSolution
		{5FA4D7B9-1100-4759-91E3-FF73CE8AED6F}.Debug|Any CPU.ActiveCfg = Debug|Any CPU
		{5FA4D7B9-1100-4759-91E3-FF73CE8AED6F}.Debug|Any CPU.Build.0 = Debug|Any CPU
		{5FA4D7B9-1100-4759-91E3-FF73CE8AED6F}.Release|Any CPU.ActiveCfg = Release|Any CPU
		{5FA4D7B9-1100-4759-91E3-FF73CE8AED6F}.Release|Any CPU.Build.0 = Release|Any CPU
	EndGlobalSection
	GlobalSection(SolutionProperties) = preSolution
		HideSolutionNode = FALSE
	EndGlobalSection
	GlobalSection(ExtensibilityGlobals) = postSolution
		SolutionGuid = {323077AE-EFCF-47C7-A11D-2D25CC0C9DD1}
	EndGlobalSection
EndGlobal
